Microsoft Visual Studio Solution File, Format Version 12.00
# Visual Studio Version 17
VisualStudioVersion = 17.5.2.0
MinimumVisualStudioVersion = 10.0.40219.1
Project("{FAE04EC0-301F-11D3-BF4B-00C04F79EFBC}") = "PaginaMonitoreo", "PaginaMonitoreo.csproj", "{C9B6EB4F-727C-1055-6155-49C462F78C00}"
EndProject
Global
	GlobalSection(SolutionConfigurationPlatforms) = preSolution
		Debug|Any CPU = Debug|Any CPU
		Release|Any CPU = Release|Any CPU
	EndGlobalSection
	GlobalSection(ProjectConfigurationPlatforms) = postSolution
		{C9B6EB4F-727C-1055-6155-49C462F78C00}.Debug|Any CPU.ActiveCfg = Debug|Any CPU
		{C9B6EB4F-727C-1055-6155-49C462F78C00}.Debug|Any CPU.Build.0 = Debug|Any CPU
		{C9B6EB4F-727C-1055-6155-49C462F78C00}.Release|Any CPU.ActiveCfg = Release|Any CPU
		{C9B6EB4F-727C-1055-6155-49C462F78C00}.Release|Any CPU.Build.0 = Release|Any CPU
	EndGlobalSection
	GlobalSection(SolutionProperties) = preSolution
		HideSolutionNode = FALSE
	EndGlobalSection
	GlobalSection(ExtensibilityGlobals) = postSolution
		SolutionGuid = {C3D46157-DBE0-4760-9DD0-32257D2F1AC2}
	EndGlobalSection
EndGlobal
